
Microsoft Visual Studio Solution File, Format Version 12.00
# Visual Studio Version 17
VisualStudioVersion = 17.5.001.0
MinimumVisualStudioVersion = 10.0.40219.1
Project("{9A19103F-16F7-4668-BE54-9A1E7A4F7556}") = "DesafioFundamentos", "DesafioFundamentos.csproj", "{360F480C-A5EA-4C67-9F10-FFADEC588741}"
EndProject
Global
	GlobalSection(SolutionConfigurationPlatforms) = preSolution
		Debug|Any CPU = Debug|Any CPU
		Release|Any CPU = Release|Any CPU
	EndGlobalSection
	GlobalSection(ProjectConfigurationPlatforms) = postSolution
		{360F480C-A5EA-4C67-9F10-FFADEC588741}.Debug|Any CPU.ActiveCfg = Debug|Any CPU
		{360F480C-A5EA-4C67-9F10-FFADEC588741}.Debug|Any CPU.Build.0 = Debug|Any CPU
		{360F480C-A5EA-4C67-9F10-FFADEC588741}.Release|Any CPU.ActiveCfg = Release|Any CPU
		{360F480C-A5EA-4C67-9F10-FFADEC588741}.Release|Any CPU.Build.0 = Release|Any CPU
	EndGlobalSection
	GlobalSection(SolutionProperties) = preSolution
		HideSolutionNode = FALSE
	EndGlobalSection
	GlobalSection(ExtensibilityGlobals) = postSolution
		SolutionGuid = {78C88C67-E4DA-44B0-8704-9DE09A58054F}
	EndGlobalSection
EndGlobal
